
Microsoft Visual Studio Solution File, Format Version 12.00
# Visual Studio Version 16
VisualStudioVersion = 16.0.30107.140
MinimumVisualStudioVersion = 10.0.40219.1
Project("{FAE04EC0-301F-11D3-BF4B-00C04F79EFBC}") = "Backbone", "TechnicalServiceSystem\Backbone.csproj", "{E70A3A76-763B-45DB-9A85-2DE20537AC47}"
EndProject
Project("{FAE04EC0-301F-11D3-BF4B-00C04F79EFBC}") = "TSS_WPF", "TSS_WPF\TSS_WPF.csproj", "{6529F889-3FA5-4CE8-AD5F-FAD905A3F0C6}"
	ProjectSection(ProjectDependencies) = postProject
		{CAE2C281-EC3D-4396-B2E1-9F6EC7DE3123} = {CAE2C281-EC3D-4396-B2E1-9F6EC7DE3123}
	EndProjectSection
EndProject
Project("{FAE04EC0-301F-11D3-BF4B-00C04F79EFBC}") = "UnitTests", "UnitTests\UnitTests.csproj", "{6B445D47-A28F-40E0-AC28-8AD1B5ABE730}"
	ProjectSection(ProjectDependencies) = postProject
		{E70A3A76-763B-45DB-9A85-2DE20537AC47} = {E70A3A76-763B-45DB-9A85-2DE20537AC47}
		{CAE2C281-EC3D-4396-B2E1-9F6EC7DE3123} = {CAE2C281-EC3D-4396-B2E1-9F6EC7DE3123}
	EndProjectSection
EndProject
Project("{FAE04EC0-301F-11D3-BF4B-00C04F79EFBC}") = "Backbone.UI", "Backbone.UI\Backbone.UI.csproj", "{CAE2C281-EC3D-4396-B2E1-9F6EC7DE3123}"
EndProject
Project("{FAE04EC0-301F-11D3-BF4B-00C04F79EFBC}") = "TSS.Web", "TSS.Web\TSS.Web.csproj", "{078501DD-FB22-46E7-B363-00587A1EB240}"
EndProject
Global
	GlobalSection(SolutionConfigurationPlatforms) = preSolution
		Debug|Any CPU = Debug|Any CPU
		Release|Any CPU = Release|Any CPU
	EndGlobalSection
	GlobalSection(ProjectConfigurationPlatforms) = postSolution
		{E70A3A76-763B-45DB-9A85-2DE20537AC47}.Debug|Any CPU.ActiveCfg = Debug|Any CPU
		{E70A3A76-763B-45DB-9A85-2DE20537AC47}.Debug|Any CPU.Build.0 = Debug|Any CPU
		{E70A3A76-763B-45DB-9A85-2DE20537AC47}.Release|Any CPU.ActiveCfg = Release|Any CPU
		{E70A3A76-763B-45DB-9A85-2DE20537AC47}.Release|Any CPU.Build.0 = Release|Any CPU
		{6529F889-3FA5-4CE8-AD5F-FAD905A3F0C6}.Debug|Any CPU.ActiveCfg = Debug|Any CPU
		{6529F889-3FA5-4CE8-AD5F-FAD905A3F0C6}.Debug|Any CPU.Build.0 = Debug|Any CPU
		{6529F889-3FA5-4CE8-AD5F-FAD905A3F0C6}.Release|Any CPU.ActiveCfg = Release|Any CPU
		{6529F889-3FA5-4CE8-AD5F-FAD905A3F0C6}.Release|Any CPU.Build.0 = Release|Any CPU
		{6B445D47-A28F-40E0-AC28-8AD1B5ABE730}.Debug|Any CPU.ActiveCfg = Debug|Any CPU
		{6B445D47-A28F-40E0-AC28-8AD1B5ABE730}.Debug|Any CPU.Build.0 = Debug|Any CPU
		{6B445D47-A28F-40E0-AC28-8AD1B5ABE730}.Release|Any CPU.ActiveCfg = Release|Any CPU
		{6B445D47-A28F-40E0-AC28-8AD1B5ABE730}.Release|Any CPU.Build.0 = Release|Any CPU
		{CAE2C281-EC3D-4396-B2E1-9F6EC7DE3123}.Debug|Any CPU.ActiveCfg = Debug|Any CPU
		{CAE2C281-EC3D-4396-B2E1-9F6EC7DE3123}.Debug|Any CPU.Build.0 = Debug|Any CPU
		{CAE2C281-EC3D-4396-B2E1-9F6EC7DE3123}.Release|Any CPU.ActiveCfg = Release|Any CPU
		{CAE2C281-EC3D-4396-B2E1-9F6EC7DE3123}.Release|Any CPU.Build.0 = Release|Any CPU
		{078501DD-FB22-46E7-B363-00587A1EB240}.Debug|Any CPU.ActiveCfg = Debug|Any CPU
		{078501DD-FB22-46E7-B363-00587A1EB240}.Debug|Any CPU.Build.0 = Debug|Any CPU
		{078501DD-FB22-46E7-B363-00587A1EB240}.Release|Any CPU.ActiveCfg = Release|Any CPU
		{078501DD-FB22-46E7-B363-00587A1EB240}.Release|Any CPU.Build.0 = Release|Any CPU
	EndGlobalSection
	GlobalSection(SolutionProperties) = preSolution
		HideSolutionNode = FALSE
	EndGlobalSection
	GlobalSection(ExtensibilityGlobals) = postSolution
		SolutionGuid = {21E0ACB9-4C80-4EC0-93D6-D8F76756ED14}
	EndGlobalSection
EndGlobal
